schema: '2.0'
stages:
  download:
    cmd: python -m recsys.data.download
    deps:
    - path: src/recsys/config.py
      hash: md5
      md5: 0d4ecb1a1bd5fb00de99f652acd11343
      size: 8333
    - path: src/recsys/data/download.py
      hash: md5
      md5: f7df34ca3344dab4a7bce128d8c7d6ae
      size: 4307
    params:
      params.yaml:
        data.md5: 261550d472c48eff4990fb13c0e5bcf7
        data.url: 
          https://zenodo.org/api/records/18164998/files/KuaiRec.zip/content
    outs:
    - path: data/raw/KuaiRec.zip
      hash: md5
      md5: 261550d472c48eff4990fb13c0e5bcf7
      size: 431964858
  prepare:
    cmd: python -m recsys.data.prepare
    deps:
    - path: data/raw/KuaiRec.zip
      hash: md5
      md5: 261550d472c48eff4990fb13c0e5bcf7
      size: 431964858
    - path: src/recsys/config.py
      hash: md5
      md5: 0d4ecb1a1bd5fb00de99f652acd11343
      size: 8333
    - path: src/recsys/data/prepare.py
      hash: md5
      md5: c2466fa9d8a800a1a581ab4870fc5482
      size: 9723
    - path: src/recsys/data/schemas.py
      hash: md5
      md5: 0514b81d032cea6049a1408b25434977
      size: 3819
    - path: src/recsys/io.py
      hash: md5
      md5: d0eee65421e99c5c2f18df66f5ff0c45
      size: 1104
    outs:
    - path: data/processed
      hash: md5
      md5: 1ec7d9456cafd416466d3ba680a73bd8.dir
      size: 284526647
      nfiles: 6
    - path: reports/data_summary.json
      hash: md5
      md5: a5cdb242a6d64f0d4e19a7959241f65c
      size: 733
  split:
    cmd: python -m recsys.data.split
    deps:
    - path: data/processed
      hash: md5
      md5: 1ec7d9456cafd416466d3ba680a73bd8.dir
      size: 284526647
      nfiles: 6
    - path: src/recsys/config.py
      hash: md5
      md5: 0d4ecb1a1bd5fb00de99f652acd11343
      size: 8333
    - path: src/recsys/data/labels.py
      hash: md5
      md5: 3e79cfb885442c3bee5ba625ce7ff5db
      size: 6992
    - path: src/recsys/data/schemas.py
      hash: md5
      md5: 0514b81d032cea6049a1408b25434977
      size: 3819
    - path: src/recsys/data/split.py
      hash: md5
      md5: d7764dac406f03a5d74d084a50458970
      size: 8979
    - path: src/recsys/hashing.py
      hash: md5
      md5: fa1a0281bc0b3ea76f0357126d5d3e00
      size: 602
    - path: src/recsys/io.py
      hash: md5
      md5: d0eee65421e99c5c2f18df66f5ff0c45
      size: 1104
    params:
      params.yaml:
        label:
          bucket_width_ratio: 1.15
          min_views_per_bucket: 10000
          positive_quantile: 0.8
        split:
          valid_start: '2020-08-30'
          tune_user_share: 0.2
          assignment_salt: kuairec-tune-v1
    outs:
    - path: data/splits
      hash: md5
      md5: eb3ef3245a68e68dfed9072b97d773a8.dir
      size: 272957510
      nfiles: 4
    - path: reports/split_summary.json
      hash: md5
      md5: 6e8297551e8d0f76e5d0ba748c7a860b
      size: 3070
  als_search:
    cmd: python -m recsys.experiments.als_search
    deps:
    - path: data/splits
      hash: md5
      md5: eb3ef3245a68e68dfed9072b97d773a8.dir
      size: 272957510
      nfiles: 4
    - path: src/recsys/config.py
      hash: md5
      md5: 0d4ecb1a1bd5fb00de99f652acd11343
      size: 8333
    - path: src/recsys/evaluation/concentration.py
      hash: md5
      md5: 6ca7305a97b85edda873752b45fd052d
      size: 2064
    - path: src/recsys/evaluation/ranking.py
      hash: md5
      md5: 230697e3d07c72c5eb13127bd5cc8005
      size: 8734
    - path: src/recsys/evaluation/selection.py
      hash: md5
      md5: b937935c6a0f3d5e72952cdf3668b0cf
      size: 2473
    - path: src/recsys/experiments/als_search.py
      hash: md5
      md5: fdebada71de81bc4c9e1f823ff56c087
      size: 5317
    - path: src/recsys/experiments/runner.py
      hash: md5
      md5: 21c6c482e3026df26d99d9679d82056d
      size: 3972
    - path: src/recsys/io.py
      hash: md5
      md5: d0eee65421e99c5c2f18df66f5ff0c45
      size: 1104
    - path: src/recsys/models/als.py
      hash: md5
      md5: 05b84ea918c63a66fa504a6e7caa1bb7
      size: 4194
    - path: src/recsys/models/base.py
      hash: md5
      md5: b8ea14fa8a9203a02a3feadd4ef2a18d
      size: 723
    - path: src/recsys/tracking.py
      hash: md5
      md5: 273eb44403d108604a249fde80372128
      size: 8520
    params:
      params.yaml:
        als_search:
          factors:
          - 16
          - 32
          - 64
          regularization:
          - 0.1
          - 0.3
          - 1.0
          alpha:
          - 0
          - 1
          - 4
          - 16
          iterations: 15
          seed: 42
        evaluation:
          ks:
          - 10
          - 50
          bootstrap_samples: 1000
          seed: 42
          select_metric: ndcg_at_10
    outs:
    - path: reports/metrics/als_search.json
      hash: md5
      md5: 917ccc30bb2ed97dcb4be908924e30fb
      size: 63795
  features:
    cmd: python -m recsys.data.features
    deps:
    - path: data/processed
      hash: md5
      md5: 1ec7d9456cafd416466d3ba680a73bd8.dir
      size: 284526647
      nfiles: 6
    - path: src/recsys/config.py
      hash: md5
      md5: 0d4ecb1a1bd5fb00de99f652acd11343
      size: 8333
    - path: src/recsys/data/features.py
      hash: md5
      md5: a4ae096309b85a2a53e5b97449d023d9
      size: 4430
    - path: src/recsys/io.py
      hash: md5
      md5: d0eee65421e99c5c2f18df66f5ff0c45
      size: 1104
    outs:
    - path: data/features
      hash: md5
      md5: 1c44bedff131bfd96ff1d93a9855e6a1.dir
      size: 209657
      nfiles: 2
  two_tower_search:
    cmd: python -m recsys.experiments.two_tower_search
    deps:
    - path: data/features
      hash: md5
      md5: 1c44bedff131bfd96ff1d93a9855e6a1.dir
      size: 209657
      nfiles: 2
    - path: data/splits
      hash: md5
      md5: eb3ef3245a68e68dfed9072b97d773a8.dir
      size: 272957510
      nfiles: 4
    - path: src/recsys/checkpointing.py
      hash: md5
      md5: 303c8e2c3a75d16111bd119283a123d3
      size: 3276
    - path: src/recsys/config.py
      hash: md5
      md5: 0d4ecb1a1bd5fb00de99f652acd11343
      size: 8333
    - path: src/recsys/evaluation/concentration.py
      hash: md5
      md5: 6ca7305a97b85edda873752b45fd052d
      size: 2064
    - path: src/recsys/evaluation/ranking.py
      hash: md5
      md5: 230697e3d07c72c5eb13127bd5cc8005
      size: 8734
    - path: src/recsys/evaluation/selection.py
      hash: md5
      md5: b937935c6a0f3d5e72952cdf3668b0cf
      size: 2473
    - path: src/recsys/experiments/runner.py
      hash: md5
      md5: 21c6c482e3026df26d99d9679d82056d
      size: 3972
    - path: src/recsys/experiments/two_tower_search.py
      hash: md5
      md5: b2b32292e73a9e4aff2dd5d00d90f2c3
      size: 9380
    - path: src/recsys/io.py
      hash: md5
      md5: d0eee65421e99c5c2f18df66f5ff0c45
      size: 1104
    - path: src/recsys/models/base.py
      hash: md5
      md5: b8ea14fa8a9203a02a3feadd4ef2a18d
      size: 723
    - path: src/recsys/models/two_tower/checkpoint.py
      hash: md5
      md5: 9ebd60eeff5237f57b13a548097dc1df
      size: 2446
    - path: src/recsys/models/two_tower/encoding.py
      hash: md5
      md5: 9a993c33c8d2482e0dccebe9e7bb732d
      size: 4662
    - path: src/recsys/models/two_tower/network.py
      hash: md5
      md5: 987f7613a75c914da7fadff61fef9f75
      size: 6487
    - path: src/recsys/models/two_tower/recommender.py
      hash: md5
      md5: 16be550562f656d46f26d2c4e03bc85b
      size: 13637
    - path: src/recsys/models/two_tower/training.py
      hash: md5
      md5: a250dd12d937dc887c03162e715ca2a6
      size: 4564
    - path: src/recsys/tracking.py
      hash: md5
      md5: 273eb44403d108604a249fde80372128
      size: 8520
    params:
      params.yaml:
        evaluation:
          ks:
          - 10
          - 50
          bootstrap_samples: 1000
          seed: 42
          select_metric: ndcg_at_10
        two_tower_search:
          loss:
          - bce
          - softmax
          embedding_dim:
          - 32
          - 64
          temperature:
          - 0.1
          - 0.2
          seeds:
          - 42
          - 43
          - 44
          hidden_dim: 128
          epochs: 10
          batch_size: 4096
          learning_rate: 0.001
          weight_decay: 0.0
          device: cpu
    outs:
    - path: reports/metrics/two_tower_search.json
      hash: md5
      md5: 3ec53a8bf11651b8944b2ec13f035561
      size: 131455
  leaderboard:
    cmd: python -m recsys.experiments.leaderboard
    deps:
    - path: data/features
      hash: md5
      md5: 1c44bedff131bfd96ff1d93a9855e6a1.dir
      size: 209657
      nfiles: 2
    - path: data/splits
      hash: md5
      md5: eb3ef3245a68e68dfed9072b97d773a8.dir
      size: 272957510
      nfiles: 4
    - path: src/recsys/checkpointing.py
      hash: md5
      md5: 303c8e2c3a75d16111bd119283a123d3
      size: 3276
    - path: src/recsys/config.py
      hash: md5
      md5: 0d4ecb1a1bd5fb00de99f652acd11343
      size: 8333
    - path: src/recsys/evaluation/concentration.py
      hash: md5
      md5: 6ca7305a97b85edda873752b45fd052d
      size: 2064
    - path: src/recsys/evaluation/ranking.py
      hash: md5
      md5: 230697e3d07c72c5eb13127bd5cc8005
      size: 8734
    - path: src/recsys/experiments/leaderboard.py
      hash: md5
      md5: a0e5f6d154c4cf7b38ec6ce0455a2315
      size: 6427
    - path: src/recsys/experiments/runner.py
      hash: md5
      md5: 21c6c482e3026df26d99d9679d82056d
      size: 3972
    - path: src/recsys/io.py
      hash: md5
      md5: d0eee65421e99c5c2f18df66f5ff0c45
      size: 1104
    - path: src/recsys/models/als.py
      hash: md5
      md5: 05b84ea918c63a66fa504a6e7caa1bb7
      size: 4194
    - path: src/recsys/models/base.py
      hash: md5
      md5: b8ea14fa8a9203a02a3feadd4ef2a18d
      size: 723
    - path: src/recsys/models/category_affinity.py
      hash: md5
      md5: 7343c58c4da45789ef88f9c5756a9e7c
      size: 3619
    - path: src/recsys/models/popularity.py
      hash: md5
      md5: 8edae76d83c46815c19e4fd6bb4116c5
      size: 2862
    - path: src/recsys/models/two_tower/checkpoint.py
      hash: md5
      md5: 9ebd60eeff5237f57b13a548097dc1df
      size: 2446
    - path: src/recsys/models/two_tower/encoding.py
      hash: md5
      md5: 9a993c33c8d2482e0dccebe9e7bb732d
      size: 4662
    - path: src/recsys/models/two_tower/ensemble.py
      hash: md5
      md5: d18d699d2d71eb38cc419863fd1014db
      size: 3281
    - path: src/recsys/models/two_tower/network.py
      hash: md5
      md5: 987f7613a75c914da7fadff61fef9f75
      size: 6487
    - path: src/recsys/models/two_tower/recommender.py
      hash: md5
      md5: 16be550562f656d46f26d2c4e03bc85b
      size: 13637
    - path: src/recsys/models/two_tower/training.py
      hash: md5
      md5: a250dd12d937dc887c03162e715ca2a6
      size: 4564
    - path: src/recsys/tracking.py
      hash: md5
      md5: 273eb44403d108604a249fde80372128
      size: 8520
    params:
      params.yaml:
        evaluation:
          ks:
          - 10
          - 50
          bootstrap_samples: 1000
          seed: 42
          select_metric: ndcg_at_10
        models:
          random:
            seed: 42
          popularity_engagement:
            prior_strength: 50
          category_affinity:
            prior_strength: 20
          als:
            factors: 64
            regularization: 0.1
            alpha: 1
            iterations: 15
            seed: 42
          two_tower:
            loss: bce
            embedding_dim: 32
            hidden_dim: 128
            epochs: 7
            batch_size: 4096
            learning_rate: 0.001
            weight_decay: 0.0
            seeds:
            - 42
            - 43
            - 44
            device: cpu
    outs:
    - path: models/two_tower
      hash: md5
      md5: 5b102db7554dbdb18345d098da80b8e1.dir
      size: 24673311
      nfiles: 3
    - path: reports/metrics/leaderboard.json
      hash: md5
      md5: 961280285e5e8ee11de16b5c0fbd3cd3
      size: 11550
  retrieval:
    cmd: python -m recsys.experiments.retrieval
    deps:
    - path: data/splits
      hash: md5
      md5: eb3ef3245a68e68dfed9072b97d773a8.dir
      size: 272957510
      nfiles: 4
    - path: models/two_tower
      hash: md5
      md5: 5b102db7554dbdb18345d098da80b8e1.dir
      size: 24673311
      nfiles: 3
    - path: src/recsys/checkpointing.py
      hash: md5
      md5: 303c8e2c3a75d16111bd119283a123d3
      size: 3276
    - path: src/recsys/config.py
      hash: md5
      md5: 0d4ecb1a1bd5fb00de99f652acd11343
      size: 8333
    - path: src/recsys/experiments/retrieval.py
      hash: md5
      md5: ad8aa4d81a66139f4bd168701c6591b2
      size: 2181
    - path: src/recsys/io.py
      hash: md5
      md5: d0eee65421e99c5c2f18df66f5ff0c45
      size: 1104
    - path: src/recsys/models/two_tower/checkpoint.py
      hash: md5
      md5: 9ebd60eeff5237f57b13a548097dc1df
      size: 2446
    - path: src/recsys/models/two_tower/encoding.py
      hash: md5
      md5: 9a993c33c8d2482e0dccebe9e7bb732d
      size: 4662
    - path: src/recsys/models/two_tower/ensemble.py
      hash: md5
      md5: d18d699d2d71eb38cc419863fd1014db
      size: 3281
    - path: src/recsys/models/two_tower/network.py
      hash: md5
      md5: 987f7613a75c914da7fadff61fef9f75
      size: 6487
    - path: src/recsys/models/two_tower/recommender.py
      hash: md5
      md5: 16be550562f656d46f26d2c4e03bc85b
      size: 13637
    - path: src/recsys/models/two_tower/training.py
      hash: md5
      md5: a250dd12d937dc887c03162e715ca2a6
      size: 4564
    params:
      params.yaml:
        models.two_tower.device: cpu
    outs:
    - path: data/retrieval/two_tower_scores.parquet
      hash: md5
      md5: 46cee505c834c436ab6ce64760b0118b
      size: 53956492
  reranker:
    cmd: python -m recsys.experiments.reranker
    deps:
    - path: data/features
      hash: md5
      md5: 1c44bedff131bfd96ff1d93a9855e6a1.dir
      size: 209657
      nfiles: 2
    - path: data/processed/video_daily_stats.parquet
      hash: md5
      md5: c41f63de0431a37667214b60b1cd01b8
      size: 22098460
    - path: data/retrieval/two_tower_scores.parquet
      hash: md5
      md5: 46cee505c834c436ab6ce64760b0118b
      size: 53956492
    - path: data/splits
      hash: md5
      md5: eb3ef3245a68e68dfed9072b97d773a8.dir
      size: 272957510
      nfiles: 4
    - path: src/recsys/checkpointing.py
      hash: md5
      md5: 303c8e2c3a75d16111bd119283a123d3
      size: 3276
    - path: src/recsys/config.py
      hash: md5
      md5: 0d4ecb1a1bd5fb00de99f652acd11343
      size: 8333
    - path: src/recsys/data/labels.py
      hash: md5
      md5: 3e79cfb885442c3bee5ba625ce7ff5db
      size: 6992
    - path: src/recsys/data/schemas.py
      hash: md5
      md5: 0514b81d032cea6049a1408b25434977
      size: 3819
    - path: src/recsys/data/split.py
      hash: md5
      md5: d7764dac406f03a5d74d084a50458970
      size: 8979
    - path: src/recsys/evaluation/concentration.py
      hash: md5
      md5: 6ca7305a97b85edda873752b45fd052d
      size: 2064
    - path: src/recsys/evaluation/ranking.py
      hash: md5
      md5: 230697e3d07c72c5eb13127bd5cc8005
      size: 8734
    - path: src/recsys/experiments/reranker.py
      hash: md5
      md5: 7f9237da84bb94e86427ea53c303d747
      size: 16712
    - path: src/recsys/experiments/reranker_analysis.py
      hash: md5
      md5: 6d82c0576a185c7d9045aa63f53d1ee1
      size: 6414
    - path: src/recsys/experiments/runner.py
      hash: md5
      md5: 21c6c482e3026df26d99d9679d82056d
      size: 3972
    - path: src/recsys/hashing.py
      hash: md5
      md5: fa1a0281bc0b3ea76f0357126d5d3e00
      size: 602
    - path: src/recsys/io.py
      hash: md5
      md5: d0eee65421e99c5c2f18df66f5ff0c45
      size: 1104
    - path: src/recsys/models/als.py
      hash: md5
      md5: 05b84ea918c63a66fa504a6e7caa1bb7
      size: 4194
    - path: src/recsys/models/base.py
      hash: md5
      md5: b8ea14fa8a9203a02a3feadd4ef2a18d
      size: 723
    - path: src/recsys/models/category_affinity.py
      hash: md5
      md5: 7343c58c4da45789ef88f9c5756a9e7c
      size: 3619
    - path: src/recsys/models/popularity.py
      hash: md5
      md5: 8edae76d83c46815c19e4fd6bb4116c5
      size: 2862
    - path: src/recsys/reranking/candidates.py
      hash: md5
      md5: a335d6055dd4cdb137377b6a61446ce1
      size: 2655
    - path: src/recsys/reranking/features.py
      hash: md5
      md5: b8a47df6a1ee9d98e1d1156e9688f828
      size: 9692
    - path: src/recsys/reranking/ranker.py
      hash: md5
      md5: 5e193609999bc20d207ee9d5b393f54c
      size: 6052
    - path: src/recsys/reranking/two_stage.py
      hash: md5
      md5: 70207492689b75063359616238d1f19d
      size: 4500
    - path: src/recsys/tracking.py
      hash: md5
      md5: 273eb44403d108604a249fde80372128
      size: 8520
    params:
      params.yaml:
        evaluation:
          ks:
          - 10
          - 50
          bootstrap_samples: 1000
          seed: 42
          select_metric: ndcg_at_10
        models.als:
          factors: 64
          regularization: 0.1
          alpha: 1
          iterations: 15
          seed: 42
        models.category_affinity:
          prior_strength: 20
        models.popularity_engagement:
          prior_strength: 50
        reranker:
          retrieve_top_n: 200
          holdout_user_share: 0.1
          report_user_share: 0.1
          holdout_salt: kuairec-ranker-holdout-v1
          cross_fit_folds: 5
          num_leaves:
          - 31
          - 127
          min_child_samples:
          - 100
          - 1000
          learning_rate: 0.05
          feature_fraction: 0.8
          max_rounds: 2000
          early_stopping_rounds: 100
          eval_at: 10
          prior_strength: 20
          shap_sample_rows: 5000
          seed: 42
        split.valid_start: '2020-08-30'
    outs:
    - path: data/reranker
      hash: md5
      md5: 8b990edf8d0d6cb38ca19e93be00c463.dir
      size: 1785245
      nfiles: 1
    - path: models/reranker
      hash: md5
      md5: 071f65708967f61b4a5eecb6aeee954e.dir
      size: 468939
      nfiles: 2
    - path: reports/metrics/reranker.json
      hash: md5
      md5: f088a45242adc740da1831327c691e7a
      size: 45230
