schema: '2.0'
stages:
  download:
    cmd: python -m recsys.data.download
    deps:
    - path: src/recsys/config.py
      hash: md5
      md5: 6e5c03cbbde72b4929d479fe6c8b78dd
      size: 3788
    - path: src/recsys/data/download.py
      hash: md5
      md5: f7df34ca3344dab4a7bce128d8c7d6ae
      size: 4307
    params:
      params.yaml:
        data.md5: 261550d472c48eff4990fb13c0e5bcf7
        data.url: 
          https://zenodo.org/api/records/18164998/files/KuaiRec.zip/content
    outs:
    - path: data/raw/KuaiRec.zip
      hash: md5
      md5: 261550d472c48eff4990fb13c0e5bcf7
      size: 431964858
  prepare:
    cmd: python -m recsys.data.prepare
    deps:
    - path: data/raw/KuaiRec.zip
      hash: md5
      md5: 261550d472c48eff4990fb13c0e5bcf7
      size: 431964858
    - path: src/recsys/config.py
      hash: md5
      md5: 6e5c03cbbde72b4929d479fe6c8b78dd
      size: 3788
    - path: src/recsys/data/prepare.py
      hash: md5
      md5: c2466fa9d8a800a1a581ab4870fc5482
      size: 9723
    - path: src/recsys/data/schemas.py
      hash: md5
      md5: 0514b81d032cea6049a1408b25434977
      size: 3819
    - path: src/recsys/io.py
      hash: md5
      md5: d0eee65421e99c5c2f18df66f5ff0c45
      size: 1104
    outs:
    - path: data/processed
      hash: md5
      md5: 1ec7d9456cafd416466d3ba680a73bd8.dir
      size: 284526647
      nfiles: 6
    - path: reports/data_summary.json
      hash: md5
      md5: a5cdb242a6d64f0d4e19a7959241f65c
      size: 733
  split:
    cmd: python -m recsys.data.split
    deps:
    - path: data/processed
      hash: md5
      md5: 1ec7d9456cafd416466d3ba680a73bd8.dir
      size: 284526647
      nfiles: 6
    - path: src/recsys/config.py
      hash: md5
      md5: 6e5c03cbbde72b4929d479fe6c8b78dd
      size: 3788
    - path: src/recsys/data/labels.py
      hash: md5
      md5: 3e79cfb885442c3bee5ba625ce7ff5db
      size: 6992
    - path: src/recsys/data/schemas.py
      hash: md5
      md5: 0514b81d032cea6049a1408b25434977
      size: 3819
    - path: src/recsys/data/split.py
      hash: md5
      md5: d7764dac406f03a5d74d084a50458970
      size: 8979
    - path: src/recsys/hashing.py
      hash: md5
      md5: fa1a0281bc0b3ea76f0357126d5d3e00
      size: 602
    - path: src/recsys/io.py
      hash: md5
      md5: d0eee65421e99c5c2f18df66f5ff0c45
      size: 1104
    params:
      params.yaml:
        label:
          bucket_width_ratio: 1.15
          min_views_per_bucket: 10000
          positive_quantile: 0.8
        split:
          valid_start: '2020-08-30'
          tune_user_share: 0.2
          assignment_salt: kuairec-tune-v1
    outs:
    - path: data/splits
      hash: md5
      md5: eb3ef3245a68e68dfed9072b97d773a8.dir
      size: 272957510
      nfiles: 4
    - path: reports/split_summary.json
      hash: md5
      md5: 6e8297551e8d0f76e5d0ba748c7a860b
      size: 3070
  baselines:
    cmd: python -m recsys.experiments.baselines
    deps:
    - path: data/splits
      hash: md5
      md5: eb3ef3245a68e68dfed9072b97d773a8.dir
      size: 272957510
      nfiles: 4
    - path: src/recsys/config.py
      hash: md5
      md5: 6e5c03cbbde72b4929d479fe6c8b78dd
      size: 3788
    - path: src/recsys/evaluation/concentration.py
      hash: md5
      md5: 6ca7305a97b85edda873752b45fd052d
      size: 2064
    - path: src/recsys/evaluation/ranking.py
      hash: md5
      md5: 230697e3d07c72c5eb13127bd5cc8005
      size: 8734
    - path: src/recsys/experiments/baselines.py
      hash: md5
      md5: 0579afe2d4c8d9806e23752e189957b9
      size: 4482
    - path: src/recsys/experiments/runner.py
      hash: md5
      md5: 10f6448b6c89e5688e98484a186fa275
      size: 1704
    - path: src/recsys/io.py
      hash: md5
      md5: d0eee65421e99c5c2f18df66f5ff0c45
      size: 1104
    - path: src/recsys/models/als.py
      hash: md5
      md5: 05b84ea918c63a66fa504a6e7caa1bb7
      size: 4194
    - path: src/recsys/models/base.py
      hash: md5
      md5: 40c2c20e0c9b7396a4c3651631b32e2c
      size: 538
    - path: src/recsys/models/popularity.py
      hash: md5
      md5: 8edae76d83c46815c19e4fd6bb4116c5
      size: 2862
    - path: src/recsys/tracking.py
      hash: md5
      md5: 7b9ee4437f54c46a0c366d7358eb81cc
      size: 8049
    params:
      params.yaml:
        baselines:
          random:
            seed: 42
          popularity_engagement:
            prior_strength: 50
          als:
            factors: 64
            regularization: 0.1
            alpha: 1
            iterations: 15
            seed: 42
        evaluation:
          ks:
          - 10
          - 50
          bootstrap_samples: 1000
          seed: 42
          select_metric: ndcg_at_10
    outs:
    - path: reports/metrics/baselines.json
      hash: md5
      md5: e8c0adeb0f605bb5dd55d7d438fd4567
      size: 6711
  als_search:
    cmd: python -m recsys.experiments.als_search
    deps:
    - path: data/splits
      hash: md5
      md5: eb3ef3245a68e68dfed9072b97d773a8.dir
      size: 272957510
      nfiles: 4
    - path: src/recsys/config.py
      hash: md5
      md5: 6e5c03cbbde72b4929d479fe6c8b78dd
      size: 3788
    - path: src/recsys/evaluation/concentration.py
      hash: md5
      md5: 6ca7305a97b85edda873752b45fd052d
      size: 2064
    - path: src/recsys/evaluation/ranking.py
      hash: md5
      md5: 230697e3d07c72c5eb13127bd5cc8005
      size: 8734
    - path: src/recsys/evaluation/selection.py
      hash: md5
      md5: 6b24aea5323002e88599035bde3425d6
      size: 1669
    - path: src/recsys/experiments/als_search.py
      hash: md5
      md5: ca3e6fd6a1f91e1abf598294c22bb1f4
      size: 5861
    - path: src/recsys/experiments/runner.py
      hash: md5
      md5: 10f6448b6c89e5688e98484a186fa275
      size: 1704
    - path: src/recsys/io.py
      hash: md5
      md5: d0eee65421e99c5c2f18df66f5ff0c45
      size: 1104
    - path: src/recsys/models/als.py
      hash: md5
      md5: 05b84ea918c63a66fa504a6e7caa1bb7
      size: 4194
    - path: src/recsys/models/base.py
      hash: md5
      md5: 40c2c20e0c9b7396a4c3651631b32e2c
      size: 538
    - path: src/recsys/tracking.py
      hash: md5
      md5: 7b9ee4437f54c46a0c366d7358eb81cc
      size: 8049
    params:
      params.yaml:
        als_search:
          factors:
          - 16
          - 32
          - 64
          regularization:
          - 0.1
          - 0.3
          - 1.0
          alpha:
          - 0
          - 1
          - 4
          - 16
          iterations: 15
          seed: 42
        evaluation:
          ks:
          - 10
          - 50
          bootstrap_samples: 1000
          seed: 42
          select_metric: ndcg_at_10
    outs:
    - path: reports/metrics/als_search.json
      hash: md5
      md5: 917ccc30bb2ed97dcb4be908924e30fb
      size: 63795
